{
  "name": "@leonthaibao/npm-test",
  "version": "1.0.0",
  "lockfileVersion": 3,
  "requires": true,
  "packages": {
    "": {
      "name": "@leonthaibao/npm-test",
      "version": "1.0.0",
      "license": "ISC",
      "dependencies": {
        "@leonthaibao/npm-test": "^1.0.0"
      }
    },
    "node_modules/@leonthaibao/npm-test": {
      "version": "1.0.0",
      "resolved": "https://npm.pkg.github.com/download/@leonthaibao/npm-test/1.0.0/44a7a75c5a067327ebacf9e6ffa086d4c8dc52d9",
      "integrity": "sha512-VmttBG7yfXp6xO/DvEyGhUaRvBXsOFevqNAH+dib3wNqnu9kdPa8kh4xZj62iz0E1fWLJydOV7r70rApR/24Ew==",
      "license": "ISC"
    }
  }
}
